// !$*UTF8*$!
{
	archiveVersion = 1;
	classes = {
	};
	objectVersion = 50;
	objects = {

/* Begin PBXBuildFile section */
		591D7A5C223440E000DC45C3 /* ConversationsListViewController.swift in Sources */ = {isa = PBXBuildFile; fileRef = 591D7A5B223440E000DC45C3 /* ConversationsListViewController.swift */; };
		59690FB9222864D9001A823B /* AppDelegate.swift in Sources */ = {isa = PBXBuildFile; fileRef = 59690FB8222864D9001A823B /* AppDelegate.swift */; };
		59690FBB222864D9001A823B /* ProfileViewController.swift in Sources */ = {isa = PBXBuildFile; fileRef = 59690FBA222864D9001A823B /* ProfileViewController.swift */; };
		59690FBE222864D9001A823B /* Main.storyboard in Resources */ = {isa = PBXBuildFile; fileRef = 59690FBC222864D9001A823B /* Main.storyboard */; };
		59690FC1222864D9001A823B /* TinkoffChat.xcdatamodeld in Sources */ = {isa = PBXBuildFile; fileRef = 59690FBF222864D9001A823B /* TinkoffChat.xcdatamodeld */; };
		59690FC3222864DB001A823B /* Assets.xcassets in Resources */ = {isa = PBXBuildFile; fileRef = 59690FC2222864DB001A823B /* Assets.xcassets */; };
		59690FC6222864DB001A823B /* LaunchScreen.storyboard in Resources */ = {isa = PBXBuildFile; fileRef = 59690FC4222864DB001A823B /* LaunchScreen.storyboard */; };
		59690FCF22286762001A823B /* UIApplication+getState.swift in Sources */ = {isa = PBXBuildFile; fileRef = 59690FCE22286762001A823B /* UIApplication+getState.swift */; };
		59690FDE22318411001A823B /* ProfileViewController+ImagePicker.swift in Sources */ = {isa = PBXBuildFile; fileRef = 59690FDD22318411001A823B /* ProfileViewController+ImagePicker.swift */; };
/* End PBXBuildFile section */

/* Begin PBXFileReference section */
		591D7A5B223440E000DC45C3 /* ConversationsListViewController.swift */ = {isa = PBXFileReference; lastKnownFileType = sourcecode.swift; path = ConversationsListViewController.swift; sourceTree = "<group>"; };
		59690FB5222864D9001A823B /* TinkoffChat.app */ = {isa = PBXFileReference; explicitFileType = wrapper.application; includeInIndex = 0; path = TinkoffChat.app; sourceTree = BUILT_PRODUCTS_DIR; };
		59690FB8222864D9001A823B /* AppDelegate.swift */ = {isa = PBXFileReference; lastKnownFileType = sourcecode.swift; path = AppDelegate.swift; sourceTree = "<group>"; };
		59690FBA222864D9001A823B /* ProfileViewController.swift */ = {isa = PBXFileReference; lastKnownFileType = sourcecode.swift; path = ProfileViewController.swift; sourceTree = "<group>"; };
		59690FBD222864D9001A823B /* Base */ = {isa = PBXFileReference; lastKnownFileType = file.storyboard; name = Base; path = Base.lproj/Main.storyboard; sourceTree = "<group>"; };
		59690FC0222864D9001A823B /* TinkoffChat.xcdatamodel */ = {isa = PBXFileReference; lastKnownFileType = wrapper.xcdatamodel; path = TinkoffChat.xcdatamodel; sourceTree = "<group>"; };
		59690FC2222864DB001A823B /* Assets.xcassets */ = {isa = PBXFileReference; lastKnownFileType = folder.assetcatalog; path = Assets.xcassets; sourceTree = "<group>"; };
		59690FC5222864DB001A823B /* Base */ = {isa = PBXFileReference; lastKnownFileType = file.storyboard; name = Base; path = Base.lproj/LaunchScreen.storyboard; sourceTree = "<group>"; };
		59690FC7222864DB001A823B /* Info.plist */ = {isa = PBXFileReference; lastKnownFileType = text.plist.xml; path = Info.plist; sourceTree = "<group>"; };
		59690FCE22286762001A823B /* UIApplication+getState.swift */ = {isa = PBXFileReference; lastKnownFileType = sourcecode.swift; path = "UIApplication+getState.swift"; sourceTree = "<group>"; };
		59690FDD22318411001A823B /* ProfileViewController+ImagePicker.swift */ = {isa = PBXFileReference; lastKnownFileType = sourcecode.swift; path = "ProfileViewController+ImagePicker.swift"; sourceTree = "<group>"; };
/* End PBXFileReference section */

/* Begin PBXFrameworksBuildPhase section */
		59690FB2222864D9001A823B /* Frameworks */ = {
			isa = PBXFrameworksBuildPhase;
			buildActionMask = 2147483647;
			files = (
			);
			runOnlyForDeploymentPostprocessing = 0;
		};
/* End PBXFrameworksBuildPhase section */

/* Begin PBXGroup section */
		59690FAC222864D9001A823B = {
			isa = PBXGroup;
			children = (
				59690FB7222864D9001A823B /* TinkoffChat */,
				59690FB6222864D9001A823B /* Products */,
			);
			sourceTree = "<group>";
		};
		59690FB6222864D9001A823B /* Products */ = {
			isa = PBXGroup;
			children = (
				59690FB5222864D9001A823B /* TinkoffChat.app */,
			);
			name = Products;
			sourceTree = "<group>";
		};
		59690FB7222864D9001A823B /* TinkoffChat */ = {
			isa = PBXGroup;
			children = (
				59690FD4222DB379001A823B /* Controller */,
				59690FD3222DB372001A823B /* View */,
				59690FD2222DB364001A823B /* Model */,
				59690FCD2228673A001A823B /* Extensions */,
				59690FD5222DB3C1001A823B /* Supporting files */,
			);
			path = TinkoffChat;
			sourceTree = "<group>";
		};
		59690FCD2228673A001A823B /* Extensions */ = {
			isa = PBXGroup;
			children = (
				59690FCE22286762001A823B /* UIApplication+getState.swift */,
				59690FDD22318411001A823B /* ProfileViewController+ImagePicker.swift */,
			);
			path = Extensions;
			sourceTree = "<group>";
		};
		59690FD2222DB364001A823B /* Model */ = {
			isa = PBXGroup;
			children = (
			);
			path = Model;
			sourceTree = "<group>";
		};
		59690FD3222DB372001A823B /* View */ = {
			isa = PBXGroup;
			children = (
				59690FBC222864D9001A823B /* Main.storyboard */,
			);
			path = View;
			sourceTree = "<group>";
		};
		59690FD4222DB379001A823B /* Controller */ = {
			isa = PBXGroup;
			children = (
				59690FBA222864D9001A823B /* ProfileViewController.swift */,
				591D7A5B223440E000DC45C3 /* ConversationsListViewController.swift */,
			);
			path = Controller;
			sourceTree = "<group>";
		};
		59690FD5222DB3C1001A823B /* Supporting files */ = {
			isa = PBXGroup;
			children = (
				59690FBF222864D9001A823B /* TinkoffChat.xcdatamodeld */,
				59690FC7222864DB001A823B /* Info.plist */,
				59690FC4222864DB001A823B /* LaunchScreen.storyboard */,
				59690FC2222864DB001A823B /* Assets.xcassets */,
				59690FB8222864D9001A823B /* AppDelegate.swift */,
			);
			path = "Supporting files";
			sourceTree = "<group>";
		};
/* End PBXGroup section */

/* Begin PBXNativeTarget section */
		59690FB4222864D9001A823B /* TinkoffChat */ = {
			isa = PBXNativeTarget;
			buildConfigurationList = 59690FCA222864DB001A823B /* Build configuration list for PBXNativeTarget "TinkoffChat" */;
			buildPhases = (
				59690FB1222864D9001A823B /* Sources */,
				59690FB2222864D9001A823B /* Frameworks */,
				59690FB3222864D9001A823B /* Resources */,
			);
			buildRules = (
			);
			dependencies = (
			);
			name = TinkoffChat;
			productName = TinkoffChat;
			productReference = 59690FB5222864D9001A823B /* TinkoffChat.app */;
			productType = "com.apple.product-type.application";
		};
/* End PBXNativeTarget section */

/* Begin PBXProject section */
		59690FAD222864D9001A823B /* Project object */ = {
			isa = PBXProject;
			attributes = {
				LastSwiftUpdateCheck = 1010;
				LastUpgradeCheck = 1010;
				ORGANIZATIONNAME = n.kuznetsov;
				TargetAttributes = {
					59690FB4222864D9001A823B = {
						CreatedOnToolsVersion = 10.1;
					};
				};
			};
			buildConfigurationList = 59690FB0222864D9001A823B /* Build configuration list for PBXProject "TinkoffChat" */;
			compatibilityVersion = "Xcode 9.3";
			developmentRegion = en;
			hasScannedForEncodings = 0;
			knownRegions = (
				en,
				Base,
			);
			mainGroup = 59690FAC222864D9001A823B;
			productRefGroup = 59690FB6222864D9001A823B /* Products */;
			projectDirPath = "";
			projectRoot = "";
			targets = (
				59690FB4222864D9001A823B /* TinkoffChat */,
			);
		};
/* End PBXProject section */

/* Begin PBXResourcesBuildPhase section */
		59690FB3222864D9001A823B /* Resources */ = {
			isa = PBXResourcesBuildPhase;
			buildActionMask = 2147483647;
			files = (
				59690FC6222864DB001A823B /* LaunchScreen.storyboard in Resources */,
				59690FC3222864DB001A823B /* Assets.xcassets in Resources */,
				59690FBE222864D9001A823B /* Main.storyboard in Resources */,
			);
			runOnlyForDeploymentPostprocessing = 0;
		};
/* End PBXResourcesBuildPhase section */

/* Begin PBXSourcesBuildPhase section */
		59690FB1222864D9001A823B /* Sources */ = {
			isa = PBXSourcesBuildPhase;
			buildActionMask = 2147483647;
			files = (
				59690FDE22318411001A823B /* ProfileViewController+ImagePicker.swift in Sources */,
				59690FBB222864D9001A823B /* ProfileViewController.swift in Sources */,
				59690FCF22286762001A823B /* UIApplication+getState.swift in Sources */,
				59690FB9222864D9001A823B /* AppDelegate.swift in Sources */,
				59690FC1222864D9001A823B /* TinkoffChat.xcdatamodeld in Sources */,
				591D7A5C223440E000DC45C3 /* ConversationsListViewController.swift in Sources */,
			);
			runOnlyForDeploymentPostprocessing = 0;
		};
/* End PBXSourcesBuildPhase section */

/* Begin PBXVariantGroup section */
		59690FBC222864D9001A823B /* Main.storyboard */ = {
			isa = PBXVariantGroup;
			children = (
				59690FBD222864D9001A823B /* Base */,
			);
			name = Main.storyboard;
			sourceTree = "<group>";
		};
		59690FC4222864DB001A823B /* LaunchScreen.storyboard */ = {
			isa = PBXVariantGroup;
			children = (
				59690FC5222864DB001A823B /* Base */,
			);
			name = LaunchScreen.storyboard;
			sourceTree = "<group>";
		};
/* End PBXVariantGroup section */

/* Begin XCBuildConfiguration section */
		59690FC8222864DB001A823B /* Debug */ = {
			isa = XCBuildConfiguration;
			buildSettings = {
				ALWAYS_SEARCH_USER_PATHS = NO;
				CLANG_ANALYZER_NONNULL = YES;
				CLANG_ANALYZER_NUMBER_OBJECT_CONVERSION = YES_AGGRESSIVE;
				CLANG_CXX_LANGUAGE_STANDARD = "gnu++14";
				CLANG_CXX_LIBRARY = "libc++";
				CLANG_ENABLE_MODULES = YES;
				CLANG_ENABLE_OBJC_ARC = YES;
				CLANG_ENABLE_OBJC_WEAK = YES;
				CLANG_WARN_BLOCK_CAPTURE_AUTORELEASING = YES;
				CLANG_WARN_BOOL_CONVERSION = YES;
				CLANG_WARN_COMMA = YES;
				CLANG_WARN_CONSTANT_CONVERSION = YES;
				CLANG_WARN_DEPRECATED_OBJC_IMPLEMENTATIONS = YES;
				CLANG_WARN_DIRECT_OBJC_ISA_USAGE = YES_ERROR;
				CLANG_WARN_DOCUMENTATION_COMMENTS = YES;
				CLANG_WARN_EMPTY_BODY = YES;
				CLANG_WARN_ENUM_CONVERSION = YES;
				CLANG_WARN_INFINITE_RECURSION = YES;
				CLANG_WARN_INT_CONVERSION = YES;
				CLANG_WARN_NON_LITERAL_NULL_CONVERSION = YES;
				CLANG_WARN_OBJC_IMPLICIT_RETAIN_SELF = YES;
				CLANG_WARN_OBJC_LITERAL_CONVERSION = YES;
				CLANG_WARN_OBJC_ROOT_CLASS = YES_ERROR;
				CLANG_WARN_RANGE_LOOP_ANALYSIS = YES;
				CLANG_WARN_STRICT_PROTOTYPES = YES;
				CLANG_WARN_SUSPICIOUS_MOVE = YES;
				CLANG_WARN_UNGUARDED_AVAILABILITY = YES_AGGRESSIVE;
				CLANG_WARN_UNREACHABLE_CODE = YES;
				CLANG_WARN__DUPLICATE_METHOD_MATCH = YES;
				CODE_SIGN_IDENTITY = "iPhone Developer";
				COPY_PHASE_STRIP = NO;
				DEBUG_INFORMATION_FORMAT = dwarf;
				ENABLE_STRICT_OBJC_MSGSEND = YES;
				ENABLE_TESTABILITY = YES;
				GCC_C_LANGUAGE_STANDARD = gnu11;
				GCC_DYNAMIC_NO_PIC = NO;
				GCC_NO_COMMON_BLOCKS = YES;
				GCC_OPTIMIZATION_LEVEL = 0;
				GCC_PREPROCESSOR_DEFINITIONS = (
					"DEBUG=1",
					"$(inherited)",
				);
				GCC_WARN_64_TO_32_BIT_CONVERSION = YES;
				GCC_WARN_ABOUT_RETURN_TYPE = YES_ERROR;
				GCC_WARN_UNDECLARED_SELECTOR = YES;
				GCC_WARN_UNINITIALIZED_AUTOS = YES_AGGRESSIVE;
				GCC_WARN_UNUSED_FUNCTION = YES;
				GCC_WARN_UNUSED_VARIABLE = YES;
				IPHONEOS_DEPLOYMENT_TARGET = 12.1;
				MTL_ENABLE_DEBUG_INFO = INCLUDE_SOURCE;
				MTL_FAST_MATH = YES;
				ONLY_ACTIVE_ARCH = YES;
				SDKROOT = iphoneos;
				SWIFT_ACTIVE_COMPILATION_CONDITIONS = DEBUG;
				SWIFT_OPTIMIZATION_LEVEL = "-Onone";
			};
			name = Debug;
		};
		59690FC9222864DB001A823B /* Release */ = {
			isa = XCBuildConfiguration;
			buildSettings = {
				ALWAYS_SEARCH_USER_PATHS = NO;
				CLANG_ANALYZER_NONNULL = YES;
				CLANG_ANALYZER_NUMBER_OBJECT_CONVERSION = YES_AGGRESSIVE;
				CLANG_CXX_LANGUAGE_STANDARD = "gnu++14";
				CLANG_CXX_LIBRARY = "libc++";
				CLANG_ENABLE_MODULES = YES;
				CLANG_ENABLE_OBJC_ARC = YES;
				CLANG_ENABLE_OBJC_WEAK = YES;
				CLANG_WARN_BLOCK_CAPTURE_AUTORELEASING = YES;
				CLANG_WARN_BOOL_CONVERSION = YES;
				CLANG_WARN_COMMA = YES;
				CLANG_WARN_CONSTANT_CONVERSION = YES;
				CLANG_WARN_DEPRECATED_OBJC_IMPLEMENTATIONS = YES;
				CLANG_WARN_DIRECT_OBJC_ISA_USAGE = YES_ERROR;
				CLANG_WARN_DOCUMENTATION_COMMENTS = YES;
				CLANG_WARN_EMPTY_BODY = YES;
				CLANG_WARN_ENUM_CONVERSION = YES;
				CLANG_WARN_INFINITE_RECURSION = YES;
				CLANG_WARN_INT_CONVERSION = YES;
				CLANG_WARN_NON_LITERAL_NULL_CONVERSION = YES;
				CLANG_WARN_OBJC_IMPLICIT_RETAIN_SELF = YES;
				CLANG_WARN_OBJC_LITERAL_CONVERSION = YES;
				CLANG_WARN_OBJC_ROOT_CLASS = YES_ERROR;
				CLANG_WARN_RANGE_LOOP_ANALYSIS = YES;
				CLANG_WARN_STRICT_PROTOTYPES = YES;
				CLANG_WARN_SUSPICIOUS_MOVE = YES;
				CLANG_WARN_UNGUARDED_AVAILABILITY = YES_AGGRESSIVE;
				CLANG_WARN_UNREACHABLE_CODE = YES;
				CLANG_WARN__DUPLICATE_METHOD_MATCH = YES;
				CODE_SIGN_IDENTITY = "iPhone Developer";
				COPY_PHASE_STRIP = NO;
				DEBUG_INFORMATION_FORMAT = "dwarf-with-dsym";
				ENABLE_NS_ASSERTIONS = NO;
				ENABLE_STRICT_OBJC_MSGSEND = YES;
				GCC_C_LANGUAGE_STANDARD = gnu11;
				GCC_NO_COMMON_BLOCKS = YES;
				GCC_WARN_64_TO_32_BIT_CONVERSION = YES;
				GCC_WARN_ABOUT_RETURN_TYPE = YES_ERROR;
				GCC_WARN_UNDECLARED_SELECTOR = YES;
				GCC_WARN_UNINITIALIZED_AUTOS = YES_AGGRESSIVE;
				GCC_WARN_UNUSED_FUNCTION = YES;
				GCC_WARN_UNUSED_VARIABLE = YES;
				IPHONEOS_DEPLOYMENT_TARGET = 12.1;
				MTL_ENABLE_DEBUG_INFO = NO;
				MTL_FAST_MATH = YES;
				SDKROOT = iphoneos;
				SWIFT_COMPILATION_MODE = wholemodule;
				SWIFT_OPTIMIZATION_LEVEL = "-O";
				VALIDATE_PRODUCT = YES;
			};
			name = Release;
		};
		59690FCB222864DB001A823B /* Debug */ = {
			isa = XCBuildConfiguration;
			buildSettings = {
				ASSETCATALOG_COMPILER_APPICON_NAME = AppIcon;
				CODE_SIGN_IDENTITY = "iPhone Developer";
				CODE_SIGN_STYLE = Automatic;
				DEVELOPMENT_TEAM = 5PTXS287R9;
				INFOPLIST_FILE = "$(SRCROOT)/TinkoffChat/Supporting files/Info.plist";
				IPHONEOS_DEPLOYMENT_TARGET = 11.0;
				LD_RUNPATH_SEARCH_PATHS = (
					"$(inherited)",
					"@executable_path/Frameworks",
				);
				PRODUCT_BUNDLE_IDENTIFIER = nk.TinkoffChat;
				PRODUCT_NAME = "$(TARGET_NAME)";
				PROVISIONING_PROFILE_SPECIFIER = "";
				SWIFT_VERSION = 4.2;
				TARGETED_DEVICE_FAMILY = 1;
			};
			name = Debug;
		};
		59690FCC222864DB001A823B /* Release */ = {
			isa = XCBuildConfiguration;
			buildSettings = {
				ASSETCATALOG_COMPILER_APPICON_NAME = AppIcon;
				CODE_SIGN_IDENTITY = "iPhone Developer";
				CODE_SIGN_STYLE = Automatic;
				DEVELOPMENT_TEAM = 5PTXS287R9;
				INFOPLIST_FILE = "$(SRCROOT)/TinkoffChat/Supporting files/Info.plist";
				IPHONEOS_DEPLOYMENT_TARGET = 11.0;
				LD_RUNPATH_SEARCH_PATHS = (
					"$(inherited)",
					"@executable_path/Frameworks",
				);
				PRODUCT_BUNDLE_IDENTIFIER = nk.TinkoffChat;
				PRODUCT_NAME = "$(TARGET_NAME)";
				PROVISIONING_PROFILE_SPECIFIER = "";
				SWIFT_VERSION = 4.2;
				TARGETED_DEVICE_FAMILY = 1;
			};
			name = Release;
		};
/* End XCBuildConfiguration section */

/* Begin XCConfigurationList section */
		59690FB0222864D9001A823B /* Build configuration list for PBXProject "TinkoffChat" */ = {
			isa = XCConfigurationList;
			buildConfigurations = (
				59690FC8222864DB001A823B /* Debug */,
				59690FC9222864DB001A823B /* Release */,
			);
			defaultConfigurationIsVisible = 0;
			defaultConfigurationName = Release;
		};
		59690FCA222864DB001A823B /* Build configuration list for PBXNativeTarget "TinkoffChat" */ = {
			isa = XCConfigurationList;
			buildConfigurations = (
				59690FCB222864DB001A823B /* Debug */,
				59690FCC222864DB001A823B /* Release */,
			);
			defaultConfigurationIsVisible = 0;
			defaultConfigurationName = Release;
		};
/* End XCConfigurationList section */

/* Begin XCVersionGroup section */
		59690FBF222864D9001A823B /* TinkoffChat.xcdatamodeld */ = {
			isa = XCVersionGroup;
			children = (
				59690FC0222864D9001A823B /* TinkoffChat.xcdatamodel */,
			);
			currentVersion = 59690FC0222864D9001A823B /* TinkoffChat.xcdatamodel */;
			path = TinkoffChat.xcdatamodeld;
			sourceTree = "<group>";
			versionGroupType = wrapper.xcdatamodel;
		};
/* End XCVersionGroup section */
	};
	rootObject = 59690FAD222864D9001A823B /* Project object */;
}
